
Microsoft Visual Studio Solution File, Format Version 12.00
# Visual Studio Version 17
VisualStudioVersion = 17.8.34525.116
MinimumVisualStudioVersion = 10.0.40219.1
Project("{FAE04EC0-301F-11D3-BF4B-00C04F79EFBC}") = "CulinaryTest", "CulinaryTest\CulinaryTest.csproj", "{2FE5F613-E6B9-41C7-B8B4-6A54C1A192D8}"
EndProject
Global
	GlobalSection(SolutionConfigurationPlatforms) = preSolution
		Debug|Any CPU = Debug|Any CPU
		Release|Any CPU = Release|Any CPU
	EndGlobalSection
	GlobalSection(ProjectConfigurationPlatforms) = postSolution
		{2FE5F613-E6B9-41C7-B8B4-6A54C1A192D8}.Debug|Any CPU.ActiveCfg = Debug|Any CPU
		{2FE5F613-E6B9-41C7-B8B4-6A54C1A192D8}.Debug|Any CPU.Build.0 = Debug|Any CPU
		{2FE5F613-E6B9-41C7-B8B4-6A54C1A192D8}.Release|Any CPU.ActiveCfg = Release|Any CPU
		{2FE5F613-E6B9-41C7-B8B4-6A54C1A192D8}.Release|Any CPU.Build.0 = Release|Any CPU
	EndGlobalSection
	GlobalSection(SolutionProperties) = preSolution
		HideSolutionNode = FALSE
	EndGlobalSection
	GlobalSection(ExtensibilityGlobals) = postSolution
		SolutionGuid = {A785065A-299C-49D9-8ABE-4162F0AF83D0}
	EndGlobalSection
EndGlobal
